
Microsoft Visual Studio Solution File, Format Version 12.00
# Visual Studio Version 17
VisualStudioVersion = 17.5.33424.131
MinimumVisualStudioVersion = 10.0.40219.1
Project("{FAE04EC0-301F-11D3-BF4B-00C04F79EFBC}") = "WinDefendManager", "WinDefendManager.csproj", "{44984F52-6025-4292-BDA4-3B938BE21AC6}"
EndProject
Global
	GlobalSection(SolutionConfigurationPlatforms) = preSolution
		Debug|Any CPU = Debug|Any CPU
		Release|Any CPU = Release|Any CPU
	EndGlobalSection
	GlobalSection(ProjectConfigurationPlatforms) = postSolution
		{44984F52-6025-4292-BDA4-3B938BE21AC6}.Debug|Any CPU.ActiveCfg = Debug|Any CPU
		{44984F52-6025-4292-BDA4-3B938BE21AC6}.Debug|Any CPU.Build.0 = Debug|Any CPU
		{44984F52-6025-4292-BDA4-3B938BE21AC6}.Release|Any CPU.ActiveCfg = Release|Any CPU
		{44984F52-6025-4292-BDA4-3B938BE21AC6}.Release|Any CPU.Build.0 = Release|Any CPU
	EndGlobalSection
	GlobalSection(SolutionProperties) = preSolution
		HideSolutionNode = FALSE
	EndGlobalSection
	GlobalSection(ExtensibilityGlobals) = postSolution
		SolutionGuid = {ADBCB9D3-8BB2-47AA-8F08-7F7A1D36E4D6}
	EndGlobalSection
EndGlobal
